{
  "version": 4,
  "terraform_version": "1.14.6",
  "serial": 51,
  "lineage": "9e426388-29a6-d308-5007-d61b42af2534",
  "outputs": {},
  "resources": [
    {
      "module": "module.ml-pipeline",
      "mode": "managed",
      "type": "aws_ecr_repository",
      "name": "ecr_repository",
      "provider": "provider[\"registry.terraform.io/hashicorp/aws\"]",
      "instances": [
        {
          "schema_version": 0,
          "attributes": {
            "arn": "arn:aws:ecr:us-east-1:303467243373:repository/ml-pipeline-terraform-demo",
            "encryption_configuration": [
              {
                "encryption_type": "AES256",
                "kms_key": ""
              }
            ],
            "force_delete": null,
            "id": "ml-pipeline-terraform-demo",
            "image_scanning_configuration": [
              {
                "scan_on_push": false
              }
            ],
            "image_tag_mutability": "MUTABLE",
            "image_tag_mutability_exclusion_filter": [],
            "name": "ml-pipeline-terraform-demo",
            "region": "us-east-1",
            "registry_id": "303467243373",
            "repository_url": "303467243373.dkr.ecr.us-east-1.amazonaws.com/ml-pipeline-terraform-demo",
            "tags": {},
            "tags_all": {},
            "timeouts": null
          },
          "sensitive_attributes": [],
          "identity_schema_version": 0,
          "identity": {
            "account_id": "303467243373",
            "name": "ml-pipeline-terraform-demo",
            "region": "us-east-1"
          },
          "private": "eyJlMmJmYjczMC1lY2FhLTExZTYtOGY4OC0zNDM2M2JjN2M0YzAiOnsiZGVsZXRlIjoxMjAwMDAwMDAwMDAwfX0="
        }
      ]
    }
  ],
  "check_results": null
}
